
Microsoft Visual Studio Solution File, Format Version 12.00
# Visual Studio 2013
VisualStudioVersion = 12.0.21005.1
MinimumVisualStudioVersion = 10.0.40219.1
Project("{8BC9CEB8-8B4A-11D0-8D11-00A0C91BC942}") = "webserver", "webserver.vcxproj", "{BD9847D4-C040-453F-9605-C8FC1B1C0EF2}"
EndProject
Project("{2150E333-8FDC-42A3-9474-1A3956D46DE8}") = ".nuget", ".nuget", "{310D940C-B1DA-429C-8FB6-8AA56EDF74F3}"
	ProjectSection(SolutionItems) = preProject
		.nuget\NuGet.Config = .nuget\NuGet.Config
		.nuget\NuGet.exe = .nuget\NuGet.exe
		.nuget\NuGet.targets = .nuget\NuGet.targets
	EndProjectSection
EndProject
Global
	GlobalSection(SolutionConfigurationPlatforms) = preSolution
		Debug|Win32 = Debug|Win32
		Release|Win32 = Release|Win32
	EndGlobalSection
	GlobalSection(ProjectConfigurationPlatforms) = postSolution
		{BD9847D4-C040-453F-9605-C8FC1B1C0EF2}.Debug|Win32.ActiveCfg = Debug|Win32
		{BD9847D4-C040-453F-9605-C8FC1B1C0EF2}.Debug|Win32.Build.0 = Debug|Win32
		{BD9847D4-C040-453F-9605-C8FC1B1C0EF2}.Release|Win32.ActiveCfg = Release|Win32
		{BD9847D4-C040-453F-9605-C8FC1B1C0EF2}.Release|Win32.Build.0 = Release|Win32
	EndGlobalSection
	GlobalSection(SolutionProperties) = preSolution
		HideSolutionNode = FALSE
	EndGlobalSection
EndGlobal
